# This file is automatically @generated by pesde.
# It is not intended for manual editing.
format = 2
name = "ernisto/luau_create"
version = "0.1.0"
target = "lune"

[graph."0x5eal/semver@0.1.1 luau"]
direct = ["semver", { name = "0x5eal/semver", version = "^0.1.1", index = "default", target = "luau" }, "standard"]

[graph."0x5eal/semver@0.1.1 luau".dependencies]
option = ["lukadev_0/option@1.2.0 luau", "peer"]
result = ["lukadev_0/result@1.2.0 luau", "peer"]

[graph."0x5eal/semver@0.1.1 luau".pkg_ref]
ref_ty = "pesde"
index_url = "https://github.com/pesde-pkg/index"

[graph."0x5eal/semver@0.1.1 luau".pkg_ref.dependencies]
frktest = [{ name = "itsfrank/frktest", version = "^0.0.2", index = "https://github.com/daimond113/pesde-index", target = "lune" }, "dev"]
option = [{ name = "lukadev_0/option", version = "^1.2.0", index = "https://github.com/daimond113/pesde-index" }, "peer"]
result = [{ name = "lukadev_0/result", version = "^1.2.0", index = "https://github.com/daimond113/pesde-index" }, "peer"]

[graph."lukadev_0/option@1.2.0 luau".pkg_ref]
ref_ty = "pesde"
index_url = "https://github.com/daimond113/pesde-index"

[graph."lukadev_0/result@1.2.0 luau".pkg_ref]
ref_ty = "pesde"
index_url = "https://github.com/daimond113/pesde-index"
