# This file is automatically @generated by pesde.
# It is not intended for manual editing.
format = 2
name = "ernisto/luau_create"
version = "0.1.0"
target = "lune"

[graph."ernisto/semver@0.1.2 luau"]
direct = ["semver", { name = "ernisto/semver", version = "^0.1.2", index = "default", target = "luau" }, "standard"]

[graph."ernisto/semver@0.1.2 luau".pkg_ref]
ref_ty = "pesde"
index_url = "https://github.com/pesde-pkg/index"
